// !$*UTF8*$!
{
	archiveVersion = 1;
	classes = {
	};
	objectVersion = 46;
	objects = {

/* Begin PBXBuildFile section */
		6DFCD2671CA63A2200F29583 /* main.m in Sources */ = {isa = PBXBuildFile; fileRef = 6DFCD2661CA63A2200F29583 /* main.m */; };
		6DFCD26A1CA63A2200F29583 /* AppDelegate.m in Sources */ = {isa = PBXBuildFile; fileRef = 6DFCD2691CA63A2200F29583 /* AppDelegate.m */; };
		6DFCD26D1CA63A2200F29583 /* ViewController.m in Sources */ = {isa = PBXBuildFile; fileRef = 6DFCD26C1CA63A2200F29583 /* ViewController.m */; };
		6DFCD2701CA63A2200F29583 /* Main.storyboard in Resources */ = {isa = PBXBuildFile; fileRef = 6DFCD26E1CA63A2200F29583 /* Main.storyboard */; };
		6DFCD2721CA63A2200F29583 /* Assets.xcassets in Resources */ = {isa = PBXBuildFile; fileRef = 6DFCD2711CA63A2200F29583 /* Assets.xcassets */; };
		6DFCD2751CA63A2200F29583 /* LaunchScreen.storyboard in Resources */ = {isa = PBXBuildFile; fileRef = 6DFCD2731CA63A2200F29583 /* LaunchScreen.storyboard */; };
		6DFCD27F1CA63AC300F29583 /* SEFilterControl.m in Sources */ = {isa = PBXBuildFile; fileRef = 6DFCD27E1CA63AC300F29583 /* SEFilterControl.m */; };
		6DFCD2821CA63AE600F29583 /* SEFilterKnob.m in Sources */ = {isa = PBXBuildFile; fileRef = 6DFCD2811CA63AE600F29583 /* SEFilterKnob.m */; };
/* End PBXBuildFile section */

/* Begin PBXFileReference section */
		6DFCD2621CA63A2200F29583 /* DBSlideButtonControl.app */ = {isa = PBXFileReference; explicitFileType = wrapper.application; includeInIndex = 0; path = DBSlideButtonControl.app; sourceTree = BUILT_PRODUCTS_DIR; };
		6DFCD2661CA63A2200F29583 /* main.m */ = {isa = PBXFileReference; lastKnownFileType = sourcecode.c.objc; path = main.m; sourceTree = "<group>"; };
		6DFCD2681CA63A2200F29583 /* AppDelegate.h */ = {isa = PBXFileReference; lastKnownFileType = sourcecode.c.h; path = AppDelegate.h; sourceTree = "<group>"; };
		6DFCD2691CA63A2200F29583 /* AppDelegate.m */ = {isa = PBXFileReference; lastKnownFileType = sourcecode.c.objc; path = AppDelegate.m; sourceTree = "<group>"; };
		6DFCD26B1CA63A2200F29583 /* ViewController.h */ = {isa = PBXFileReference; lastKnownFileType = sourcecode.c.h; path = ViewController.h; sourceTree = "<group>"; };
		6DFCD26C1CA63A2200F29583 /* ViewController.m */ = {isa = PBXFileReference; lastKnownFileType = sourcecode.c.objc; path = ViewController.m; sourceTree = "<group>"; };
		6DFCD26F1CA63A2200F29583 /* Base */ = {isa = PBXFileReference; lastKnownFileType = file.storyboard; name = Base; path = Base.lproj/Main.storyboard; sourceTree = "<group>"; };
		6DFCD2711CA63A2200F29583 /* Assets.xcassets */ = {isa = PBXFileReference; lastKnownFileType = folder.assetcatalog; path = Assets.xcassets; sourceTree = "<group>"; };
		6DFCD2741CA63A2200F29583 /* Base */ = {isa = PBXFileReference; lastKnownFileType = file.storyboard; name = Base; path = Base.lproj/LaunchScreen.storyboard; sourceTree = "<group>"; };
		6DFCD2761CA63A2200F29583 /* Info.plist */ = {isa = PBXFileReference; lastKnownFileType = text.plist.xml; path = Info.plist; sourceTree = "<group>"; };
		6DFCD27D1CA63AC300F29583 /* SEFilterControl.h */ = {isa = PBXFileReference; fileEncoding = 4; lastKnownFileType = sourcecode.c.h; path = SEFilterControl.h; sourceTree = "<group>"; };
		6DFCD27E1CA63AC300F29583 /* SEFilterControl.m */ = {isa = PBXFileReference; fileEncoding = 4; lastKnownFileType = sourcecode.c.objc; path = SEFilterControl.m; sourceTree = "<group>"; };
		6DFCD2801CA63AE600F29583 /* SEFilterKnob.h */ = {isa = PBXFileReference; fileEncoding = 4; lastKnownFileType = sourcecode.c.h; path = SEFilterKnob.h; sourceTree = "<group>"; };
		6DFCD2811CA63AE600F29583 /* SEFilterKnob.m */ = {isa = PBXFileReference; fileEncoding = 4; lastKnownFileType = sourcecode.c.objc; path = SEFilterKnob.m; sourceTree = "<group>"; };
/* End PBXFileReference section */

/* Begin PBXFrameworksBuildPhase section */
		6DFCD25F1CA63A2200F29583 /* Frameworks */ = {
			isa = PBXFrameworksBuildPhase;
			buildActionMask = 2147483647;
			files = (
			);
			runOnlyForDeploymentPostprocessing = 0;
		};
/* End PBXFrameworksBuildPhase section */

/* Begin PBXGroup section */
		6DFCD2591CA63A2200F29583 = {
			isa = PBXGroup;
			children = (
				6DFCD2641CA63A2200F29583 /* DBSlideButtonControl */,
				6DFCD2631CA63A2200F29583 /* Products */,
			);
			sourceTree = "<group>";
		};
		6DFCD2631CA63A2200F29583 /* Products */ = {
			isa = PBXGroup;
			children = (
				6DFCD2621CA63A2200F29583 /* DBSlideButtonControl.app */,
			);
			name = Products;
			sourceTree = "<group>";
		};
		6DFCD2641CA63A2200F29583 /* DBSlideButtonControl */ = {
			isa = PBXGroup;
			children = (
				6DFCD27C1CA63A4900F29583 /* DBSlideButtonView */,
				6DFCD2681CA63A2200F29583 /* AppDelegate.h */,
				6DFCD2691CA63A2200F29583 /* AppDelegate.m */,
				6DFCD26B1CA63A2200F29583 /* ViewController.h */,
				6DFCD26C1CA63A2200F29583 /* ViewController.m */,
				6DFCD26E1CA63A2200F29583 /* Main.storyboard */,
				6DFCD2711CA63A2200F29583 /* Assets.xcassets */,
				6DFCD2731CA63A2200F29583 /* LaunchScreen.storyboard */,
				6DFCD2761CA63A2200F29583 /* Info.plist */,
				6DFCD2651CA63A2200F29583 /* Supporting Files */,
			);
			path = DBSlideButtonControl;
			sourceTree = "<group>";
		};
		6DFCD2651CA63A2200F29583 /* Supporting Files */ = {
			isa = PBXGroup;
			children = (
				6DFCD2661CA63A2200F29583 /* main.m */,
			);
			name = "Supporting Files";
			sourceTree = "<group>";
		};
		6DFCD27C1CA63A4900F29583 /* DBSlideButtonView */ = {
			isa = PBXGroup;
			children = (
				6DFCD27D1CA63AC300F29583 /* SEFilterControl.h */,
				6DFCD27E1CA63AC300F29583 /* SEFilterControl.m */,
				6DFCD2801CA63AE600F29583 /* SEFilterKnob.h */,
				6DFCD2811CA63AE600F29583 /* SEFilterKnob.m */,
			);
			name = DBSlideButtonView;
			sourceTree = "<group>";
		};
/* End PBXGroup section */

/* Begin PBXNativeTarget section */
		6DFCD2611CA63A2200F29583 /* DBSlideButtonControl */ = {
			isa = PBXNativeTarget;
			buildConfigurationList = 6DFCD2791CA63A2200F29583 /* Build configuration list for PBXNativeTarget "DBSlideButtonControl" */;
			buildPhases = (
				6DFCD25E1CA63A2200F29583 /* Sources */,
				6DFCD25F1CA63A2200F29583 /* Frameworks */,
				6DFCD2601CA63A2200F29583 /* Resources */,
			);
			buildRules = (
			);
			dependencies = (
			);
			name = DBSlideButtonControl;
			productName = DBSlideButtonControl;
			productReference = 6DFCD2621CA63A2200F29583 /* DBSlideButtonControl.app */;
			productType = "com.apple.product-type.application";
		};
/* End PBXNativeTarget section */

/* Begin PBXProject section */
		6DFCD25A1CA63A2200F29583 /* Project object */ = {
			isa = PBXProject;
			attributes = {
				LastUpgradeCheck = 0730;
				ORGANIZATIONNAME = uimbank;
				TargetAttributes = {
					6DFCD2611CA63A2200F29583 = {
						CreatedOnToolsVersion = 7.3;
					};
				};
			};
			buildConfigurationList = 6DFCD25D1CA63A2200F29583 /* Build configuration list for PBXProject "DBSlideButtonControl" */;
			compatibilityVersion = "Xcode 3.2";
			developmentRegion = English;
			hasScannedForEncodings = 0;
			knownRegions = (
				en,
				Base,
			);
			mainGroup = 6DFCD2591CA63A2200F29583;
			productRefGroup = 6DFCD2631CA63A2200F29583 /* Products */;
			projectDirPath = "";
			projectRoot = "";
			targets = (
				6DFCD2611CA63A2200F29583 /* DBSlideButtonControl */,
			);
		};
/* End PBXProject section */

/* Begin PBXResourcesBuildPhase section */
		6DFCD2601CA63A2200F29583 /* Resources */ = {
			isa = PBXResourcesBuildPhase;
			buildActionMask = 2147483647;
			files = (
				6DFCD2751CA63A2200F29583 /* LaunchScreen.storyboard in Resources */,
				6DFCD2721CA63A2200F29583 /* Assets.xcassets in Resources */,
				6DFCD2701CA63A2200F29583 /* Main.storyboard in Resources */,
			);
			runOnlyForDeploymentPostprocessing = 0;
		};
/* End PBXResourcesBuildPhase section */

/* Begin PBXSourcesBuildPhase section */
		6DFCD25E1CA63A2200F29583 /* Sources */ = {
			isa = PBXSourcesBuildPhase;
			buildActionMask = 2147483647;
			files = (
				6DFCD2821CA63AE600F29583 /* SEFilterKnob.m in Sources */,
				6DFCD26D1CA63A2200F29583 /* ViewController.m in Sources */,
				6DFCD26A1CA63A2200F29583 /* AppDelegate.m in Sources */,
				6DFCD2671CA63A2200F29583 /* main.m in Sources */,
				6DFCD27F1CA63AC300F29583 /* SEFilterControl.m in Sources */,
			);
			runOnlyForDeploymentPostprocessing = 0;
		};
/* End PBXSourcesBuildPhase section */

/* Begin PBXVariantGroup section */
		6DFCD26E1CA63A2200F29583 /* Main.storyboard */ = {
			isa = PBXVariantGroup;
			children = (
				6DFCD26F1CA63A2200F29583 /* Base */,
			);
			name = Main.storyboard;
			sourceTree = "<group>";
		};
		6DFCD2731CA63A2200F29583 /* LaunchScreen.storyboard */ = {
			isa = PBXVariantGroup;
			children = (
				6DFCD2741CA63A2200F29583 /* Base */,
			);
			name = LaunchScreen.storyboard;
			sourceTree = "<group>";
		};
/* End PBXVariantGroup section */

/* Begin XCBuildConfiguration section */
		6DFCD2771CA63A2200F29583 /* Debug */ = {
			isa = XCBuildConfiguration;
			buildSettings = {
				ALWAYS_SEARCH_USER_PATHS = NO;
				CLANG_ANALYZER_NONNULL = YES;
				CLANG_CXX_LANGUAGE_STANDARD = "gnu++0x";
				CLANG_CXX_LIBRARY = "libc++";
				CLANG_ENABLE_MODULES = YES;
				CLANG_ENABLE_OBJC_ARC = YES;
				CLANG_WARN_BOOL_CONVERSION = YES;
				CLANG_WARN_CONSTANT_CONVERSION = YES;
				CLANG_WARN_DIRECT_OBJC_ISA_USAGE = YES_ERROR;
				CLANG_WARN_EMPTY_BODY = YES;
				CLANG_WARN_ENUM_CONVERSION = YES;
				CLANG_WARN_INT_CONVERSION = YES;
				CLANG_WARN_OBJC_ROOT_CLASS = YES_ERROR;
				CLANG_WARN_UNREACHABLE_CODE = YES;
				CLANG_WARN__DUPLICATE_METHOD_MATCH = YES;
				"CODE_SIGN_IDENTITY[sdk=iphoneos*]" = "iPhone Developer";
				COPY_PHASE_STRIP = NO;
				DEBUG_INFORMATION_FORMAT = dwarf;
				ENABLE_STRICT_OBJC_MSGSEND = YES;
				ENABLE_TESTABILITY = YES;
				GCC_C_LANGUAGE_STANDARD = gnu99;
				GCC_DYNAMIC_NO_PIC = NO;
				GCC_NO_COMMON_BLOCKS = YES;
				GCC_OPTIMIZATION_LEVEL = 0;
				GCC_PREPROCESSOR_DEFINITIONS = (
					"DEBUG=1",
					"$(inherited)",
				);
				GCC_WARN_64_TO_32_BIT_CONVERSION = YES;
				GCC_WARN_ABOUT_RETURN_TYPE = YES_ERROR;
				GCC_WARN_UNDECLARED_SELECTOR = YES;
				GCC_WARN_UNINITIALIZED_AUTOS = YES_AGGRESSIVE;
				GCC_WARN_UNUSED_FUNCTION = YES;
				GCC_WARN_UNUSED_VARIABLE = YES;
				IPHONEOS_DEPLOYMENT_TARGET = 9.3;
				MTL_ENABLE_DEBUG_INFO = YES;
				ONLY_ACTIVE_ARCH = YES;
				SDKROOT = iphoneos;
			};
			name = Debug;
		};
		6DFCD2781CA63A2200F29583 /* Release */ = {
			isa = XCBuildConfiguration;
			buildSettings = {
				ALWAYS_SEARCH_USER_PATHS = NO;
				CLANG_ANALYZER_NONNULL = YES;
				CLANG_CXX_LANGUAGE_STANDARD = "gnu++0x";
				CLANG_CXX_LIBRARY = "libc++";
				CLANG_ENABLE_MODULES = YES;
				CLANG_ENABLE_OBJC_ARC = YES;
				CLANG_WARN_BOOL_CONVERSION = YES;
				CLANG_WARN_CONSTANT_CONVERSION = YES;
				CLANG_WARN_DIRECT_OBJC_ISA_USAGE = YES_ERROR;
				CLANG_WARN_EMPTY_BODY = YES;
				CLANG_WARN_ENUM_CONVERSION = YES;
				CLANG_WARN_INT_CONVERSION = YES;
				CLANG_WARN_OBJC_ROOT_CLASS = YES_ERROR;
				CLANG_WARN_UNREACHABLE_CODE = YES;
				CLANG_WARN__DUPLICATE_METHOD_MATCH = YES;
				"CODE_SIGN_IDENTITY[sdk=iphoneos*]" = "iPhone Developer";
				COPY_PHASE_STRIP = NO;
				DEBUG_INFORMATION_FORMAT = "dwarf-with-dsym";
				ENABLE_NS_ASSERTIONS = NO;
				ENABLE_STRICT_OBJC_MSGSEND = YES;
				GCC_C_LANGUAGE_STANDARD = gnu99;
				GCC_NO_COMMON_BLOCKS = YES;
				GCC_WARN_64_TO_32_BIT_CONVERSION = YES;
				GCC_WARN_ABOUT_RETURN_TYPE = YES_ERROR;
				GCC_WARN_UNDECLARED_SELECTOR = YES;
				GCC_WARN_UNINITIALIZED_AUTOS = YES_AGGRESSIVE;
				GCC_WARN_UNUSED_FUNCTION = YES;
				GCC_WARN_UNUSED_VARIABLE = YES;
				IPHONEOS_DEPLOYMENT_TARGET = 9.3;
				MTL_ENABLE_DEBUG_INFO = NO;
				SDKROOT = iphoneos;
				VALIDATE_PRODUCT = YES;
			};
			name = Release;
		};
		6DFCD27A1CA63A2200F29583 /* Debug */ = {
			isa = XCBuildConfiguration;
			buildSettings = {
				ASSETCATALOG_COMPILER_APPICON_NAME = AppIcon;
				INFOPLIST_FILE = DBSlideButtonControl/Info.plist;
				IPHONEOS_DEPLOYMENT_TARGET = 7.0;
				LD_RUNPATH_SEARCH_PATHS = "$(inherited) @executable_path/Frameworks";
				PRODUCT_BUNDLE_IDENTIFIER = com.uimbank.DBSlideButtonControl;
				PRODUCT_NAME = "$(TARGET_NAME)";
			};
			name = Debug;
		};
		6DFCD27B1CA63A2200F29583 /* Release */ = {
			isa = XCBuildConfiguration;
			buildSettings = {
				ASSETCATALOG_COMPILER_APPICON_NAME = AppIcon;
				INFOPLIST_FILE = DBSlideButtonControl/Info.plist;
				IPHONEOS_DEPLOYMENT_TARGET = 7.0;
				LD_RUNPATH_SEARCH_PATHS = "$(inherited) @executable_path/Frameworks";
				PRODUCT_BUNDLE_IDENTIFIER = com.uimbank.DBSlideButtonControl;
				PRODUCT_NAME = "$(TARGET_NAME)";
			};
			name = Release;
		};
/* End XCBuildConfiguration section */

/* Begin XCConfigurationList section */
		6DFCD25D1CA63A2200F29583 /* Build configuration list for PBXProject "DBSlideButtonControl" */ = {
			isa = XCConfigurationList;
			buildConfigurations = (
				6DFCD2771CA63A2200F29583 /* Debug */,
				6DFCD2781CA63A2200F29583 /* Release */,
			);
			defaultConfigurationIsVisible = 0;
			defaultConfigurationName = Release;
		};
		6DFCD2791CA63A2200F29583 /* Build configuration list for PBXNativeTarget "DBSlideButtonControl" */ = {
			isa = XCConfigurationList;
			buildConfigurations = (
				6DFCD27A1CA63A2200F29583 /* Debug */,
				6DFCD27B1CA63A2200F29583 /* Release */,
			);
			defaultConfigurationIsVisible = 0;
			defaultConfigurationName = Release;
		};
/* End XCConfigurationList section */
	};
	rootObject = 6DFCD25A1CA63A2200F29583 /* Project object */;
}
